// !$*UTF8*$!
{
	archiveVersion = 1;
	classes = {
	};
	objectVersion = 56;
	objects = {

/* Begin PBXBuildFile section */
		3FBE29AB298890D1002A7CDD /* AppDelegate.swift in Sources */ = {isa = PBXBuildFile; fileRef = 3FBE29AA298890D1002A7CDD /* AppDelegate.swift */; };
		3FBE29AD298890D1002A7CDD /* GameScene.sks in Resources */ = {isa = PBXBuildFile; fileRef = 3FBE29AC298890D1002A7CDD /* GameScene.sks */; };
		3FBE29B1298890D1002A7CDD /* GameScene.swift in Sources */ = {isa = PBXBuildFile; fileRef = 3FBE29B0298890D1002A7CDD /* GameScene.swift */; };
		3FBE29B3298890D1002A7CDD /* GameViewController.swift in Sources */ = {isa = PBXBuildFile; fileRef = 3FBE29B2298890D1002A7CDD /* GameViewController.swift */; };
		3FBE29B6298890D1002A7CDD /* Main.storyboard in Resources */ = {isa = PBXBuildFile; fileRef = 3FBE29B4298890D1002A7CDD /* Main.storyboard */; };
		3FBE29B8298890D8002A7CDD /* Assets.xcassets in Resources */ = {isa = PBXBuildFile; fileRef = 3FBE29B7298890D8002A7CDD /* Assets.xcassets */; };
		3FBE29BB298890D8002A7CDD /* LaunchScreen.storyboard in Resources */ = {isa = PBXBuildFile; fileRef = 3FBE29B9298890D8002A7CDD /* LaunchScreen.storyboard */; };
		3FBE29D629889205002A7CDD /* plane3.png in Resources */ = {isa = PBXBuildFile; fileRef = 3FBE29C329889205002A7CDD /* plane3.png */; };
		3FBE29D729889205002A7CDD /* plane2.png in Resources */ = {isa = PBXBuildFile; fileRef = 3FBE29C429889205002A7CDD /* plane2.png */; };
		3FBE29D829889205002A7CDD /* plane1.png in Resources */ = {isa = PBXBuildFile; fileRef = 3FBE29C529889205002A7CDD /* plane1.png */; };
		3FBE29D929889205002A7CDD /* backButton.png in Resources */ = {isa = PBXBuildFile; fileRef = 3FBE29C629889205002A7CDD /* backButton.png */; };
		3FBE29DA29889205002A7CDD /* plane.png in Resources */ = {isa = PBXBuildFile; fileRef = 3FBE29C729889205002A7CDD /* plane.png */; };
		3FBE29DB29889205002A7CDD /* island.png in Resources */ = {isa = PBXBuildFile; fileRef = 3FBE29C829889205002A7CDD /* island.png */; };
		3FBE29DD29889205002A7CDD /* cloud.png in Resources */ = {isa = PBXBuildFile; fileRef = 3FBE29CA29889205002A7CDD /* cloud.png */; };
		3FBE29DE29889205002A7CDD /* nextButton.png in Resources */ = {isa = PBXBuildFile; fileRef = 3FBE29CB29889205002A7CDD /* nextButton.png */; };
		3FBE29DF29889205002A7CDD /* startButton.png in Resources */ = {isa = PBXBuildFile; fileRef = 3FBE29CC29889205002A7CDD /* startButton.png */; };
		3FBE29E029889205002A7CDD /* thunder.ogg in Resources */ = {isa = PBXBuildFile; fileRef = 3FBE29CE29889205002A7CDD /* thunder.ogg */; };
		3FBE29E129889205002A7CDD /* yay.ogg in Resources */ = {isa = PBXBuildFile; fileRef = 3FBE29CF29889205002A7CDD /* yay.ogg */; };
		3FBE29E229889205002A7CDD /* engine.ogg in Resources */ = {isa = PBXBuildFile; fileRef = 3FBE29D029889205002A7CDD /* engine.ogg */; };
		3FBE29E329889205002A7CDD /* engine.mp3 in Resources */ = {isa = PBXBuildFile; fileRef = 3FBE29D129889205002A7CDD /* engine.mp3 */; };
		3FBE29E429889205002A7CDD /* thunder.mp3 in Resources */ = {isa = PBXBuildFile; fileRef = 3FBE29D229889205002A7CDD /* thunder.mp3 */; };
		3FBE29E529889205002A7CDD /* yay.mp3 in Resources */ = {isa = PBXBuildFile; fileRef = 3FBE29D329889205002A7CDD /* yay.mp3 */; };
		3FBE29E629889205002A7CDD /* Dock51.ttf in Resources */ = {isa = PBXBuildFile; fileRef = 3FBE29D529889205002A7CDD /* Dock51.ttf */; };
		3FBE29ED2988924D002A7CDD /* Island.swift in Sources */ = {isa = PBXBuildFile; fileRef = 3FBE29E92988924D002A7CDD /* Island.swift */; };
		3FBE29EE2988924D002A7CDD /* Cloud.swift in Sources */ = {isa = PBXBuildFile; fileRef = 3FBE29EA2988924D002A7CDD /* Cloud.swift */; };
		3FBE29EF2988924D002A7CDD /* Ocean.swift in Sources */ = {isa = PBXBuildFile; fileRef = 3FBE29EB2988924D002A7CDD /* Ocean.swift */; };
		3FBE29F02988924D002A7CDD /* Plane.swift in Sources */ = {isa = PBXBuildFile; fileRef = 3FBE29EC2988924D002A7CDD /* Plane.swift */; };
		3FBE29F52988925D002A7CDD /* GameProtocol.swift in Sources */ = {isa = PBXBuildFile; fileRef = 3FBE29F22988925D002A7CDD /* GameProtocol.swift */; };
		3FBE29F62988925D002A7CDD /* GameObject.swift in Sources */ = {isa = PBXBuildFile; fileRef = 3FBE29F32988925D002A7CDD /* GameObject.swift */; };
		3FBE29F72988925D002A7CDD /* Layer.swift in Sources */ = {isa = PBXBuildFile; fileRef = 3FBE29F42988925D002A7CDD /* Layer.swift */; };
		3FBE2A1F298893E1002A7CDD /* ocean.png in Resources */ = {isa = PBXBuildFile; fileRef = 3FBE2A1E298893E1002A7CDD /* ocean.png */; };
/* End PBXBuildFile section */

/* Begin PBXFileReference section */
		3FBE29A7298890D1002A7CDD /* MAPD724-W2023-ICE3.app */ = {isa = PBXFileReference; explicitFileType = wrapper.application; includeInIndex = 0; path = "MAPD724-W2023-ICE3.app"; sourceTree = BUILT_PRODUCTS_DIR; };
		3FBE29AA298890D1002A7CDD /* AppDelegate.swift */ = {isa = PBXFileReference; lastKnownFileType = sourcecode.swift; path = AppDelegate.swift; sourceTree = "<group>"; };
		3FBE29AC298890D1002A7CDD /* GameScene.sks */ = {isa = PBXFileReference; lastKnownFileType = file.sks; path = GameScene.sks; sourceTree = "<group>"; };
		3FBE29B0298890D1002A7CDD /* GameScene.swift */ = {isa = PBXFileReference; lastKnownFileType = sourcecode.swift; path = GameScene.swift; sourceTree = "<group>"; };
		3FBE29B2298890D1002A7CDD /* GameViewController.swift */ = {isa = PBXFileReference; lastKnownFileType = sourcecode.swift; path = GameViewController.swift; sourceTree = "<group>"; };
		3FBE29B5298890D1002A7CDD /* Base */ = {isa = PBXFileReference; lastKnownFileType = file.storyboard; name = Base; path = Base.lproj/Main.storyboard; sourceTree = "<group>"; };
		3FBE29B7298890D8002A7CDD /* Assets.xcassets */ = {isa = PBXFileReference; lastKnownFileType = folder.assetcatalog; path = Assets.xcassets; sourceTree = "<group>"; };
		3FBE29BA298890D8002A7CDD /* Base */ = {isa = PBXFileReference; lastKnownFileType = file.storyboard; name = Base; path = Base.lproj/LaunchScreen.storyboard; sourceTree = "<group>"; };
		3FBE29C329889205002A7CDD /* plane3.png */ = {isa = PBXFileReference; lastKnownFileType = image.png; path = plane3.png; sourceTree = "<group>"; };
		3FBE29C429889205002A7CDD /* plane2.png */ = {isa = PBXFileReference; lastKnownFileType = image.png; path = plane2.png; sourceTree = "<group>"; };
		3FBE29C529889205002A7CDD /* plane1.png */ = {isa = PBXFileReference; lastKnownFileType = image.png; path = plane1.png; sourceTree = "<group>"; };
		3FBE29C629889205002A7CDD /* backButton.png */ = {isa = PBXFileReference; lastKnownFileType = image.png; path = backButton.png; sourceTree = "<group>"; };
		3FBE29C729889205002A7CDD /* plane.png */ = {isa = PBXFileReference; lastKnownFileType = image.png; path = plane.png; sourceTree = "<group>"; };
		3FBE29C829889205002A7CDD /* island.png */ = {isa = PBXFileReference; lastKnownFileType = image.png; path = island.png; sourceTree = "<group>"; };
		3FBE29CA29889205002A7CDD /* cloud.png */ = {isa = PBXFileReference; lastKnownFileType = image.png; path = cloud.png; sourceTree = "<group>"; };
		3FBE29CB29889205002A7CDD /* nextButton.png */ = {isa = PBXFileReference; lastKnownFileType = image.png; path = nextButton.png; sourceTree = "<group>"; };
		3FBE29CC29889205002A7CDD /* startButton.png */ = {isa = PBXFileReference; lastKnownFileType = image.png; path = startButton.png; sourceTree = "<group>"; };
		3FBE29CE29889205002A7CDD /* thunder.ogg */ = {isa = PBXFileReference; lastKnownFileType = file; path = thunder.ogg; sourceTree = "<group>"; };
		3FBE29CF29889205002A7CDD /* yay.ogg */ = {isa = PBXFileReference; lastKnownFileType = file; path = yay.ogg; sourceTree = "<group>"; };
		3FBE29D029889205002A7CDD /* engine.ogg */ = {isa = PBXFileReference; lastKnownFileType = file; path = engine.ogg; sourceTree = "<group>"; };
		3FBE29D129889205002A7CDD /* engine.mp3 */ = {isa = PBXFileReference; lastKnownFileType = audio.mp3; path = engine.mp3; sourceTree = "<group>"; };
		3FBE29D229889205002A7CDD /* thunder.mp3 */ = {isa = PBXFileReference; lastKnownFileType = audio.mp3; path = thunder.mp3; sourceTree = "<group>"; };
		3FBE29D329889205002A7CDD /* yay.mp3 */ = {isa = PBXFileReference; lastKnownFileType = audio.mp3; path = yay.mp3; sourceTree = "<group>"; };
		3FBE29D529889205002A7CDD /* Dock51.ttf */ = {isa = PBXFileReference; lastKnownFileType = file; path = Dock51.ttf; sourceTree = "<group>"; };
		3FBE29E92988924D002A7CDD /* Island.swift */ = {isa = PBXFileReference; fileEncoding = 4; lastKnownFileType = sourcecode.swift; path = Island.swift; sourceTree = "<group>"; };
		3FBE29EA2988924D002A7CDD /* Cloud.swift */ = {isa = PBXFileReference; fileEncoding = 4; lastKnownFileType = sourcecode.swift; path = Cloud.swift; sourceTree = "<group>"; };
		3FBE29EB2988924D002A7CDD /* Ocean.swift */ = {isa = PBXFileReference; fileEncoding = 4; lastKnownFileType = sourcecode.swift; path = Ocean.swift; sourceTree = "<group>"; };
		3FBE29EC2988924D002A7CDD /* Plane.swift */ = {isa = PBXFileReference; fileEncoding = 4; lastKnownFileType = sourcecode.swift; path = Plane.swift; sourceTree = "<group>"; };
		3FBE29F22988925D002A7CDD /* GameProtocol.swift */ = {isa = PBXFileReference; fileEncoding = 4; lastKnownFileType = sourcecode.swift; path = GameProtocol.swift; sourceTree = "<group>"; };
		3FBE29F32988925D002A7CDD /* GameObject.swift */ = {isa = PBXFileReference; fileEncoding = 4; lastKnownFileType = sourcecode.swift; path = GameObject.swift; sourceTree = "<group>"; };
		3FBE29F42988925D002A7CDD /* Layer.swift */ = {isa = PBXFileReference; fileEncoding = 4; lastKnownFileType = sourcecode.swift; path = Layer.swift; sourceTree = "<group>"; };
		3FBE2A1E298893E1002A7CDD /* ocean.png */ = {isa = PBXFileReference; lastKnownFileType = image.png; path = ocean.png; sourceTree = "<group>"; };
/* End PBXFileReference section */

/* Begin PBXFrameworksBuildPhase section */
		3FBE29A4298890D1002A7CDD /* Frameworks */ = {
			isa = PBXFrameworksBuildPhase;
			buildActionMask = 2147483647;
			files = (
			);
			runOnlyForDeploymentPostprocessing = 0;
		};
/* End PBXFrameworksBuildPhase section */

/* Begin PBXGroup section */
		3FBE299E298890D1002A7CDD = {
			isa = PBXGroup;
			children = (
				3FBE29A9298890D1002A7CDD /* MAPD724-W2023-ICE3 */,
				3FBE29A8298890D1002A7CDD /* Products */,
			);
			sourceTree = "<group>";
		};
		3FBE29A8298890D1002A7CDD /* Products */ = {
			isa = PBXGroup;
			children = (
				3FBE29A7298890D1002A7CDD /* MAPD724-W2023-ICE3.app */,
			);
			name = Products;
			sourceTree = "<group>";
		};
		3FBE29A9298890D1002A7CDD /* MAPD724-W2023-ICE3 */ = {
			isa = PBXGroup;
			children = (
				3FBE29C129889205002A7CDD /* Assets */,
				3FBE29E82988924D002A7CDD /* GameObjects */,
				3FBE29F12988925D002A7CDD /* Core */,
				3FBE29AA298890D1002A7CDD /* AppDelegate.swift */,
				3FBE29AC298890D1002A7CDD /* GameScene.sks */,
				3FBE29B0298890D1002A7CDD /* GameScene.swift */,
				3FBE29B2298890D1002A7CDD /* GameViewController.swift */,
				3FBE29B4298890D1002A7CDD /* Main.storyboard */,
				3FBE29B7298890D8002A7CDD /* Assets.xcassets */,
				3FBE29B9298890D8002A7CDD /* LaunchScreen.storyboard */,
			);
			path = "MAPD724-W2023-ICE3";
			sourceTree = "<group>";
		};
		3FBE29C129889205002A7CDD /* Assets */ = {
			isa = PBXGroup;
			children = (
				3FBE29C229889205002A7CDD /* images */,
				3FBE29CD29889205002A7CDD /* audio */,
				3FBE29D429889205002A7CDD /* fonts */,
			);
			path = Assets;
			sourceTree = "<group>";
		};
		3FBE29C229889205002A7CDD /* images */ = {
			isa = PBXGroup;
			children = (
				3FBE29C329889205002A7CDD /* plane3.png */,
				3FBE29C429889205002A7CDD /* plane2.png */,
				3FBE29C529889205002A7CDD /* plane1.png */,
				3FBE29C629889205002A7CDD /* backButton.png */,
				3FBE29C729889205002A7CDD /* plane.png */,
				3FBE29C829889205002A7CDD /* island.png */,
				3FBE2A1E298893E1002A7CDD /* ocean.png */,
				3FBE29CA29889205002A7CDD /* cloud.png */,
				3FBE29CB29889205002A7CDD /* nextButton.png */,
				3FBE29CC29889205002A7CDD /* startButton.png */,
			);
			path = images;
			sourceTree = "<group>";
		};
		3FBE29CD29889205002A7CDD /* audio */ = {
			isa = PBXGroup;
			children = (
				3FBE29CE29889205002A7CDD /* thunder.ogg */,
				3FBE29CF29889205002A7CDD /* yay.ogg */,
				3FBE29D029889205002A7CDD /* engine.ogg */,
				3FBE29D129889205002A7CDD /* engine.mp3 */,
				3FBE29D229889205002A7CDD /* thunder.mp3 */,
				3FBE29D329889205002A7CDD /* yay.mp3 */,
			);
			path = audio;
			sourceTree = "<group>";
		};
		3FBE29D429889205002A7CDD /* fonts */ = {
			isa = PBXGroup;
			children = (
				3FBE29D529889205002A7CDD /* Dock51.ttf */,
			);
			path = fonts;
			sourceTree = "<group>";
		};
		3FBE29E82988924D002A7CDD /* GameObjects */ = {
			isa = PBXGroup;
			children = (
				3FBE29E92988924D002A7CDD /* Island.swift */,
				3FBE29EA2988924D002A7CDD /* Cloud.swift */,
				3FBE29EB2988924D002A7CDD /* Ocean.swift */,
				3FBE29EC2988924D002A7CDD /* Plane.swift */,
			);
			path = GameObjects;
			sourceTree = "<group>";
		};
		3FBE29F12988925D002A7CDD /* Core */ = {
			isa = PBXGroup;
			children = (
				3FBE29F22988925D002A7CDD /* GameProtocol.swift */,
				3FBE29F32988925D002A7CDD /* GameObject.swift */,
				3FBE29F42988925D002A7CDD /* Layer.swift */,
			);
			path = Core;
			sourceTree = "<group>";
		};
/* End PBXGroup section */

/* Begin PBXNativeTarget section */
		3FBE29A6298890D1002A7CDD /* MAPD724-W2023-ICE3 */ = {
			isa = PBXNativeTarget;
			buildConfigurationList = 3FBE29BE298890D8002A7CDD /* Build configuration list for PBXNativeTarget "MAPD724-W2023-ICE3" */;
			buildPhases = (
				3FBE29A3298890D1002A7CDD /* Sources */,
				3FBE29A4298890D1002A7CDD /* Frameworks */,
				3FBE29A5298890D1002A7CDD /* Resources */,
			);
			buildRules = (
			);
			dependencies = (
			);
			name = "MAPD724-W2023-ICE3";
			productName = "MAPD724-W2023-ICE3";
			productReference = 3FBE29A7298890D1002A7CDD /* MAPD724-W2023-ICE3.app */;
			productType = "com.apple.product-type.application";
		};
/* End PBXNativeTarget section */

/* Begin PBXProject section */
		3FBE299F298890D1002A7CDD /* Project object */ = {
			isa = PBXProject;
			attributes = {
				BuildIndependentTargetsInParallel = 1;
				LastSwiftUpdateCheck = 1420;
				LastUpgradeCheck = 1420;
				TargetAttributes = {
					3FBE29A6298890D1002A7CDD = {
						CreatedOnToolsVersion = 14.2;
					};
				};
			};
			buildConfigurationList = 3FBE29A2298890D1002A7CDD /* Build configuration list for PBXProject "MAPD724-W2023-ICE3" */;
			compatibilityVersion = "Xcode 14.0";
			developmentRegion = en;
			hasScannedForEncodings = 0;
			knownRegions = (
				en,
				Base,
			);
			mainGroup = 3FBE299E298890D1002A7CDD;
			productRefGroup = 3FBE29A8298890D1002A7CDD /* Products */;
			projectDirPath = "";
			projectRoot = "";
			targets = (
				3FBE29A6298890D1002A7CDD /* MAPD724-W2023-ICE3 */,
			);
		};
/* End PBXProject section */

/* Begin PBXResourcesBuildPhase section */
		3FBE29A5298890D1002A7CDD /* Resources */ = {
			isa = PBXResourcesBuildPhase;
			buildActionMask = 2147483647;
			files = (
				3FBE29E029889205002A7CDD /* thunder.ogg in Resources */,
				3FBE29B6298890D1002A7CDD /* Main.storyboard in Resources */,
				3FBE29DB29889205002A7CDD /* island.png in Resources */,
				3FBE29E629889205002A7CDD /* Dock51.ttf in Resources */,
				3FBE2A1F298893E1002A7CDD /* ocean.png in Resources */,
				3FBE29DE29889205002A7CDD /* nextButton.png in Resources */,
				3FBE29AD298890D1002A7CDD /* GameScene.sks in Resources */,
				3FBE29DA29889205002A7CDD /* plane.png in Resources */,
				3FBE29DF29889205002A7CDD /* startButton.png in Resources */,
				3FBE29E329889205002A7CDD /* engine.mp3 in Resources */,
				3FBE29D629889205002A7CDD /* plane3.png in Resources */,
				3FBE29E529889205002A7CDD /* yay.mp3 in Resources */,
				3FBE29B8298890D8002A7CDD /* Assets.xcassets in Resources */,
				3FBE29E129889205002A7CDD /* yay.ogg in Resources */,
				3FBE29E429889205002A7CDD /* thunder.mp3 in Resources */,
				3FBE29D929889205002A7CDD /* backButton.png in Resources */,
				3FBE29BB298890D8002A7CDD /* LaunchScreen.storyboard in Resources */,
				3FBE29E229889205002A7CDD /* engine.ogg in Resources */,
				3FBE29DD29889205002A7CDD /* cloud.png in Resources */,
				3FBE29D829889205002A7CDD /* plane1.png in Resources */,
				3FBE29D729889205002A7CDD /* plane2.png in Resources */,
			);
			runOnlyForDeploymentPostprocessing = 0;
		};
/* End PBXResourcesBuildPhase section */

/* Begin PBXSourcesBuildPhase section */
		3FBE29A3298890D1002A7CDD /* Sources */ = {
			isa = PBXSourcesBuildPhase;
			buildActionMask = 2147483647;
			files = (
				3FBE29EE2988924D002A7CDD /* Cloud.swift in Sources */,
				3FBE29F52988925D002A7CDD /* GameProtocol.swift in Sources */,
				3FBE29F62988925D002A7CDD /* GameObject.swift in Sources */,
				3FBE29B1298890D1002A7CDD /* GameScene.swift in Sources */,
				3FBE29B3298890D1002A7CDD /* GameViewController.swift in Sources */,
				3FBE29ED2988924D002A7CDD /* Island.swift in Sources */,
				3FBE29EF2988924D002A7CDD /* Ocean.swift in Sources */,
				3FBE29F72988925D002A7CDD /* Layer.swift in Sources */,
				3FBE29AB298890D1002A7CDD /* AppDelegate.swift in Sources */,
				3FBE29F02988924D002A7CDD /* Plane.swift in Sources */,
			);
			runOnlyForDeploymentPostprocessing = 0;
		};
/* End PBXSourcesBuildPhase section */

/* Begin PBXVariantGroup section */
		3FBE29B4298890D1002A7CDD /* Main.storyboard */ = {
			isa = PBXVariantGroup;
			children = (
				3FBE29B5298890D1002A7CDD /* Base */,
			);
			name = Main.storyboard;
			sourceTree = "<group>";
		};
		3FBE29B9298890D8002A7CDD /* LaunchScreen.storyboard */ = {
			isa = PBXVariantGroup;
			children = (
				3FBE29BA298890D8002A7CDD /* Base */,
			);
			name = LaunchScreen.storyboard;
			sourceTree = "<group>";
		};
/* End PBXVariantGroup section */

/* Begin XCBuildConfiguration section */
		3FBE29BC298890D8002A7CDD /* Debug */ = {
			isa = XCBuildConfiguration;
			buildSettings = {
				ALWAYS_SEARCH_USER_PATHS = NO;
				CLANG_ANALYZER_NONNULL = YES;
				CLANG_ANALYZER_NUMBER_OBJECT_CONVERSION = YES_AGGRESSIVE;
				CLANG_CXX_LANGUAGE_STANDARD = "gnu++20";
				CLANG_ENABLE_MODULES = YES;
				CLANG_ENABLE_OBJC_ARC = YES;
				CLANG_ENABLE_OBJC_WEAK = YES;
				CLANG_WARN_BLOCK_CAPTURE_AUTORELEASING = YES;
				CLANG_WARN_BOOL_CONVERSION = YES;
				CLANG_WARN_COMMA = YES;
				CLANG_WARN_CONSTANT_CONVERSION = YES;
				CLANG_WARN_DEPRECATED_OBJC_IMPLEMENTATIONS = YES;
				CLANG_WARN_DIRECT_OBJC_ISA_USAGE = YES_ERROR;
				CLANG_WARN_DOCUMENTATION_COMMENTS = YES;
				CLANG_WARN_EMPTY_BODY = YES;
				CLANG_WARN_ENUM_CONVERSION = YES;
				CLANG_WARN_INFINITE_RECURSION = YES;
				CLANG_WARN_INT_CONVERSION = YES;
				CLANG_WARN_NON_LITERAL_NULL_CONVERSION = YES;
				CLANG_WARN_OBJC_IMPLICIT_RETAIN_SELF = YES;
				CLANG_WARN_OBJC_LITERAL_CONVERSION = YES;
				CLANG_WARN_OBJC_ROOT_CLASS = YES_ERROR;
				CLANG_WARN_QUOTED_INCLUDE_IN_FRAMEWORK_HEADER = YES;
				CLANG_WARN_RANGE_LOOP_ANALYSIS = YES;
				CLANG_WARN_STRICT_PROTOTYPES = YES;
				CLANG_WARN_SUSPICIOUS_MOVE = YES;
				CLANG_WARN_UNGUARDED_AVAILABILITY = YES_AGGRESSIVE;
				CLANG_WARN_UNREACHABLE_CODE = YES;
				CLANG_WARN__DUPLICATE_METHOD_MATCH = YES;
				COPY_PHASE_STRIP = NO;
				DEBUG_INFORMATION_FORMAT = dwarf;
				ENABLE_STRICT_OBJC_MSGSEND = YES;
				ENABLE_TESTABILITY = YES;
				GCC_C_LANGUAGE_STANDARD = gnu11;
				GCC_DYNAMIC_NO_PIC = NO;
				GCC_NO_COMMON_BLOCKS = YES;
				GCC_OPTIMIZATION_LEVEL = 0;
				GCC_PREPROCESSOR_DEFINITIONS = (
					"DEBUG=1",
					"$(inherited)",
				);
				GCC_WARN_64_TO_32_BIT_CONVERSION = YES;
				GCC_WARN_ABOUT_RETURN_TYPE = YES_ERROR;
				GCC_WARN_UNDECLARED_SELECTOR = YES;
				GCC_WARN_UNINITIALIZED_AUTOS = YES_AGGRESSIVE;
				GCC_WARN_UNUSED_FUNCTION = YES;
				GCC_WARN_UNUSED_VARIABLE = YES;
				IPHONEOS_DEPLOYMENT_TARGET = 16.2;
				MTL_ENABLE_DEBUG_INFO = INCLUDE_SOURCE;
				MTL_FAST_MATH = YES;
				ONLY_ACTIVE_ARCH = YES;
				SDKROOT = iphoneos;
				SWIFT_ACTIVE_COMPILATION_CONDITIONS = DEBUG;
				SWIFT_OPTIMIZATION_LEVEL = "-Onone";
			};
			name = Debug;
		};
		3FBE29BD298890D8002A7CDD /* Release */ = {
			isa = XCBuildConfiguration;
			buildSettings = {
				ALWAYS_SEARCH_USER_PATHS = NO;
				CLANG_ANALYZER_NONNULL = YES;
				CLANG_ANALYZER_NUMBER_OBJECT_CONVERSION = YES_AGGRESSIVE;
				CLANG_CXX_LANGUAGE_STANDARD = "gnu++20";
				CLANG_ENABLE_MODULES = YES;
				CLANG_ENABLE_OBJC_ARC = YES;
				CLANG_ENABLE_OBJC_WEAK = YES;
				CLANG_WARN_BLOCK_CAPTURE_AUTORELEASING = YES;
				CLANG_WARN_BOOL_CONVERSION = YES;
				CLANG_WARN_COMMA = YES;
				CLANG_WARN_CONSTANT_CONVERSION = YES;
				CLANG_WARN_DEPRECATED_OBJC_IMPLEMENTATIONS = YES;
				CLANG_WARN_DIRECT_OBJC_ISA_USAGE = YES_ERROR;
				CLANG_WARN_DOCUMENTATION_COMMENTS = YES;
				CLANG_WARN_EMPTY_BODY = YES;
				CLANG_WARN_ENUM_CONVERSION = YES;
				CLANG_WARN_INFINITE_RECURSION = YES;
				CLANG_WARN_INT_CONVERSION = YES;
				CLANG_WARN_NON_LITERAL_NULL_CONVERSION = YES;
				CLANG_WARN_OBJC_IMPLICIT_RETAIN_SELF = YES;
				CLANG_WARN_OBJC_LITERAL_CONVERSION = YES;
				CLANG_WARN_OBJC_ROOT_CLASS = YES_ERROR;
				CLANG_WARN_QUOTED_INCLUDE_IN_FRAMEWORK_HEADER = YES;
				CLANG_WARN_RANGE_LOOP_ANALYSIS = YES;
				CLANG_WARN_STRICT_PROTOTYPES = YES;
				CLANG_WARN_SUSPICIOUS_MOVE = YES;
				CLANG_WARN_UNGUARDED_AVAILABILITY = YES_AGGRESSIVE;
				CLANG_WARN_UNREACHABLE_CODE = YES;
				CLANG_WARN__DUPLICATE_METHOD_MATCH = YES;
				COPY_PHASE_STRIP = NO;
				DEBUG_INFORMATION_FORMAT = "dwarf-with-dsym";
				ENABLE_NS_ASSERTIONS = NO;
				ENABLE_STRICT_OBJC_MSGSEND = YES;
				GCC_C_LANGUAGE_STANDARD = gnu11;
				GCC_NO_COMMON_BLOCKS = YES;
				GCC_WARN_64_TO_32_BIT_CONVERSION = YES;
				GCC_WARN_ABOUT_RETURN_TYPE = YES_ERROR;
				GCC_WARN_UNDECLARED_SELECTOR = YES;
				GCC_WARN_UNINITIALIZED_AUTOS = YES_AGGRESSIVE;
				GCC_WARN_UNUSED_FUNCTION = YES;
				GCC_WARN_UNUSED_VARIABLE = YES;
				IPHONEOS_DEPLOYMENT_TARGET = 16.2;
				MTL_ENABLE_DEBUG_INFO = NO;
				MTL_FAST_MATH = YES;
				SDKROOT = iphoneos;
				SWIFT_COMPILATION_MODE = wholemodule;
				SWIFT_OPTIMIZATION_LEVEL = "-O";
				VALIDATE_PRODUCT = YES;
			};
			name = Release;
		};
		3FBE29BF298890D8002A7CDD /* Debug */ = {
			isa = XCBuildConfiguration;
			buildSettings = {
				ASSETCATALOG_COMPILER_APPICON_NAME = AppIcon;
				ASSETCATALOG_COMPILER_GLOBAL_ACCENT_COLOR_NAME = AccentColor;
				CODE_SIGN_STYLE = Automatic;
				CURRENT_PROJECT_VERSION = 1;
				DEVELOPMENT_TEAM = D7H83B7QHR;
				GENERATE_INFOPLIST_FILE = YES;
				INFOPLIST_KEY_UIApplicationSupportsIndirectInputEvents = YES;
				INFOPLIST_KEY_UILaunchStoryboardName = LaunchScreen;
				INFOPLIST_KEY_UIMainStoryboardFile = Main;
				INFOPLIST_KEY_UIStatusBarHidden = YES;
				INFOPLIST_KEY_UISupportedInterfaceOrientations_iPad = "UIInterfaceOrientationPortrait UIInterfaceOrientationPortraitUpsideDown UIInterfaceOrientationLandscapeLeft UIInterfaceOrientationLandscapeRight";
				INFOPLIST_KEY_UISupportedInterfaceOrientations_iPhone = "UIInterfaceOrientationPortrait UIInterfaceOrientationLandscapeLeft UIInterfaceOrientationLandscapeRight";
				LD_RUNPATH_SEARCH_PATHS = (
					"$(inherited)",
					"@executable_path/Frameworks",
				);
				MARKETING_VERSION = 1.0;
				PRODUCT_BUNDLE_IDENTIFIER = "ca.centennialcollege.MAPD724-W2023-ICE3";
				PRODUCT_NAME = "$(TARGET_NAME)";
				SWIFT_EMIT_LOC_STRINGS = YES;
				SWIFT_VERSION = 5.0;
				TARGETED_DEVICE_FAMILY = "1,2";
			};
			name = Debug;
		};
		3FBE29C0298890D8002A7CDD /* Release */ = {
			isa = XCBuildConfiguration;
			buildSettings = {
				ASSETCATALOG_COMPILER_APPICON_NAME = AppIcon;
				ASSETCATALOG_COMPILER_GLOBAL_ACCENT_COLOR_NAME = AccentColor;
				CODE_SIGN_STYLE = Automatic;
				CURRENT_PROJECT_VERSION = 1;
				DEVELOPMENT_TEAM = D7H83B7QHR;
				GENERATE_INFOPLIST_FILE = YES;
				INFOPLIST_KEY_UIApplicationSupportsIndirectInputEvents = YES;
				INFOPLIST_KEY_UILaunchStoryboardName = LaunchScreen;
				INFOPLIST_KEY_UIMainStoryboardFile = Main;
				INFOPLIST_KEY_UIStatusBarHidden = YES;
				INFOPLIST_KEY_UISupportedInterfaceOrientations_iPad = "UIInterfaceOrientationPortrait UIInterfaceOrientationPortraitUpsideDown UIInterfaceOrientationLandscapeLeft UIInterfaceOrientationLandscapeRight";
				INFOPLIST_KEY_UISupportedInterfaceOrientations_iPhone = "UIInterfaceOrientationPortrait UIInterfaceOrientationLandscapeLeft UIInterfaceOrientationLandscapeRight";
				LD_RUNPATH_SEARCH_PATHS = (
					"$(inherited)",
					"@executable_path/Frameworks",
				);
				MARKETING_VERSION = 1.0;
				PRODUCT_BUNDLE_IDENTIFIER = "ca.centennialcollege.MAPD724-W2023-ICE3";
				PRODUCT_NAME = "$(TARGET_NAME)";
				SWIFT_EMIT_LOC_STRINGS = YES;
				SWIFT_VERSION = 5.0;
				TARGETED_DEVICE_FAMILY = "1,2";
			};
			name = Release;
		};
/* End XCBuildConfiguration section */

/* Begin XCConfigurationList section */
		3FBE29A2298890D1002A7CDD /* Build configuration list for PBXProject "MAPD724-W2023-ICE3" */ = {
			isa = XCConfigurationList;
			buildConfigurations = (
				3FBE29BC298890D8002A7CDD /* Debug */,
				3FBE29BD298890D8002A7CDD /* Release */,
			);
			defaultConfigurationIsVisible = 0;
			defaultConfigurationName = Release;
		};
		3FBE29BE298890D8002A7CDD /* Build configuration list for PBXNativeTarget "MAPD724-W2023-ICE3" */ = {
			isa = XCConfigurationList;
			buildConfigurations = (
				3FBE29BF298890D8002A7CDD /* Debug */,
				3FBE29C0298890D8002A7CDD /* Release */,
			);
			defaultConfigurationIsVisible = 0;
			defaultConfigurationName = Release;
		};
/* End XCConfigurationList section */
	};
	rootObject = 3FBE299F298890D1002A7CDD /* Project object */;
}
